{
  "requires": true,
  "lockfileVersion": 1,
  "dependencies": {
    "svg-path-properties": {
      "version": "1.0.2",
      "resolved": "https://registry.npmjs.org/svg-path-properties/-/svg-path-properties-1.0.2.tgz",
      "integrity": "sha512-2+5Zvq/ROWxHY/3fcFPpzznSE5nJN1GttLYOQkKFWsgSwQEi4f5It0usdY6c/dOoJfep5TNwJJLSkg80N9GQEA=="
    }
  }
}
